
Microsoft Visual Studio Solution File, Format Version 12.00
# Visual Studio Version 16
VisualStudioVersion = 16.0.30330.147
MinimumVisualStudioVersion = 10.0.40219.1
Project("{FAE04EC0-301F-11D3-BF4B-00C04F79EFBC}") = "PR3_1920_Q3_WEBG.UWP", "PR3_1920_Q3_WEBG\PR3_1920_Q3_WEBG.UWP\PR3_1920_Q3_WEBG.UWP.csproj", "{C68EF63D-95C3-4935-884C-4FAEE21CA5D4}"
EndProject
Project("{FAE04EC0-301F-11D3-BF4B-00C04F79EFBC}") = "PR3_1920_Q3_WEBG.Android", "PR3_1920_Q3_WEBG\PR3_1920_Q3_WEBG.Android\PR3_1920_Q3_WEBG.Android.csproj", "{77BB8400-0BBF-4768-A482-5893501DE418}"
EndProject
Project("{FAE04EC0-301F-11D3-BF4B-00C04F79EFBC}") = "PR3_1920_Q3_WEBG.iOS", "PR3_1920_Q3_WEBG\PR3_1920_Q3_WEBG.iOS\PR3_1920_Q3_WEBG.iOS.csproj", "{9CA76C63-E2CD-426B-8BF5-8C7DF57C67F6}"
EndProject
Project("{FAE04EC0-301F-11D3-BF4B-00C04F79EFBC}") = "PR3_1920_Q3_WEBG", "PR3_1920_Q3_WEBG\PR3_1920_Q3_WEBG\PR3_1920_Q3_WEBG.csproj", "{B4358D1E-993C-48F4-92D5-6F89CE08C777}"
EndProject
Global
	GlobalSection(SolutionConfigurationPlatforms) = preSolution
		Debug|Any CPU = Debug|Any CPU
		Debug|ARM = Debug|ARM
		Debug|iPhone = Debug|iPhone
		Debug|iPhoneSimulator = Debug|iPhoneSimulator
		Debug|x64 = Debug|x64
		Debug|x86 = Debug|x86
		Release|Any CPU = Release|Any CPU
		Release|ARM = Release|ARM
		Release|iPhone = Release|iPhone
		Release|iPhoneSimulator = Release|iPhoneSimulator
		Release|x64 = Release|x64
		Release|x86 = Release|x86
	EndGlobalSection
	GlobalSection(ProjectConfigurationPlatforms) = postSolution
		{C68EF63D-95C3-4935-884C-4FAEE21CA5D4}.Debug|Any CPU.ActiveCfg = Debug|x86
		{C68EF63D-95C3-4935-884C-4FAEE21CA5D4}.Debug|Any CPU.Build.0 = Debug|x86
		{C68EF63D-95C3-4935-884C-4FAEE21CA5D4}.Debug|Any CPU.Deploy.0 = Debug|x86
		{C68EF63D-95C3-4935-884C-4FAEE21CA5D4}.Debug|ARM.ActiveCfg = Debug|ARM
		{C68EF63D-95C3-4935-884C-4FAEE21CA5D4}.Debug|ARM.Build.0 = Debug|ARM
		{C68EF63D-95C3-4935-884C-4FAEE21CA5D4}.Debug|ARM.Deploy.0 = Debug|ARM
		{C68EF63D-95C3-4935-884C-4FAEE21CA5D4}.Debug|iPhone.ActiveCfg = Debug|x86
		{C68EF63D-95C3-4935-884C-4FAEE21CA5D4}.Debug|iPhone.Build.0 = Debug|x86
		{C68EF63D-95C3-4935-884C-4FAEE21CA5D4}.Debug|iPhone.Deploy.0 = Debug|x86
		{C68EF63D-95C3-4935-884C-4FAEE21CA5D4}.Debug|iPhoneSimulator.ActiveCfg = Debug|x86
		{C68EF63D-95C3-4935-884C-4FAEE21CA5D4}.Debug|iPhoneSimulator.Build.0 = Debug|x86
		{C68EF63D-95C3-4935-884C-4FAEE21CA5D4}.Debug|iPhoneSimulator.Deploy.0 = Debug|x86
		{C68EF63D-95C3-4935-884C-4FAEE21CA5D4}.Debug|x64.ActiveCfg = Debug|x64
		{C68EF63D-95C3-4935-884C-4FAEE21CA5D4}.Debug|x64.Build.0 = Debug|x64
		{C68EF63D-95C3-4935-884C-4FAEE21CA5D4}.Debug|x64.Deploy.0 = Debug|x64
		{C68EF63D-95C3-4935-884C-4FAEE21CA5D4}.Debug|x86.ActiveCfg = Debug|x86
		{C68EF63D-95C3-4935-884C-4FAEE21CA5D4}.Debug|x86.Build.0 = Debug|x86
		{C68EF63D-95C3-4935-884C-4FAEE21CA5D4}.Debug|x86.Deploy.0 = Debug|x86
		{C68EF63D-95C3-4935-884C-4FAEE21CA5D4}.Release|Any CPU.ActiveCfg = Release|x86
		{C68EF63D-95C3-4935-884C-4FAEE21CA5D4}.Release|Any CPU.Build.0 = Release|x86
		{C68EF63D-95C3-4935-884C-4FAEE21CA5D4}.Release|Any CPU.Deploy.0 = Release|x86
		{C68EF63D-95C3-4935-884C-4FAEE21CA5D4}.Release|ARM.ActiveCfg = Release|ARM
		{C68EF63D-95C3-4935-884C-4FAEE21CA5D4}.Release|ARM.Build.0 = Release|ARM
		{C68EF63D-95C3-4935-884C-4FAEE21CA5D4}.Release|ARM.Deploy.0 = Release|ARM
		{C68EF63D-95C3-4935-884C-4FAEE21CA5D4}.Release|iPhone.ActiveCfg = Release|x86
		{C68EF63D-95C3-4935-884C-4FAEE21CA5D4}.Release|iPhone.Build.0 = Release|x86
		{C68EF63D-95C3-4935-884C-4FAEE21CA5D4}.Release|iPhone.Deploy.0 = Release|x86
		{C68EF63D-95C3-4935-884C-4FAEE21CA5D4}.Release|iPhoneSimulator.ActiveCfg = Release|x86
		{C68EF63D-95C3-4935-884C-4FAEE21CA5D4}.Release|iPhoneSimulator.Build.0 = Release|x86
		{C68EF63D-95C3-4935-884C-4FAEE21CA5D4}.Release|iPhoneSimulator.Deploy.0 = Release|x86
		{C68EF63D-95C3-4935-884C-4FAEE21CA5D4}.Release|x64.ActiveCfg = Release|x64
		{C68EF63D-95C3-4935-884C-4FAEE21CA5D4}.Release|x64.Build.0 = Release|x64
		{C68EF63D-95C3-4935-884C-4FAEE21CA5D4}.Release|x64.Deploy.0 = Release|x64
		{C68EF63D-95C3-4935-884C-4FAEE21CA5D4}.Release|x86.ActiveCfg = Release|x86
		{C68EF63D-95C3-4935-884C-4FAEE21CA5D4}.Release|x86.Build.0 = Release|x86
		{C68EF63D-95C3-4935-884C-4FAEE21CA5D4}.Release|x86.Deploy.0 = Release|x86
		{77BB8400-0BBF-4768-A482-5893501DE418}.Debug|Any CPU.ActiveCfg = Debug|Any CPU
		{77BB8400-0BBF-4768-A482-5893501DE418}.Debug|Any CPU.Build.0 = Debug|Any CPU
		{77BB8400-0BBF-4768-A482-5893501DE418}.Debug|Any CPU.Deploy.0 = Debug|Any CPU
		{77BB8400-0BBF-4768-A482-5893501DE418}.Debug|ARM.ActiveCfg = Debug|Any CPU
		{77BB8400-0BBF-4768-A482-5893501DE418}.Debug|ARM.Build.0 = Debug|Any CPU
		{77BB8400-0BBF-4768-A482-5893501DE418}.Debug|ARM.Deploy.0 = Debug|Any CPU
		{77BB8400-0BBF-4768-A482-5893501DE418}.Debug|iPhone.ActiveCfg = Debug|Any CPU
		{77BB8400-0BBF-4768-A482-5893501DE418}.Debug|iPhone.Build.0 = Debug|Any CPU
		{77BB8400-0BBF-4768-A482-5893501DE418}.Debug|iPhone.Deploy.0 = Debug|Any CPU
		{77BB8400-0BBF-4768-A482-5893501DE418}.Debug|iPhoneSimulator.ActiveCfg = Debug|Any CPU
		{77BB8400-0BBF-4768-A482-5893501DE418}.Debug|iPhoneSimulator.Build.0 = Debug|Any CPU
		{77BB8400-0BBF-4768-A482-5893501DE418}.Debug|iPhoneSimulator.Deploy.0 = Debug|Any CPU
		{77BB8400-0BBF-4768-A482-5893501DE418}.Debug|x64.ActiveCfg = Debug|Any CPU
		{77BB8400-0BBF-4768-A482-5893501DE418}.Debug|x64.Build.0 = Debug|Any CPU
		{77BB8400-0BBF-4768-A482-5893501DE418}.Debug|x64.Deploy.0 = Debug|Any CPU
		{77BB8400-0BBF-4768-A482-5893501DE418}.Debug|x86.ActiveCfg = Debug|Any CPU
		{77BB8400-0BBF-4768-A482-5893501DE418}.Debug|x86.Build.0 = Debug|Any CPU
		{77BB8400-0BBF-4768-A482-5893501DE418}.Debug|x86.Deploy.0 = Debug|Any CPU
		{77BB8400-0BBF-4768-A482-5893501DE418}.Release|Any CPU.ActiveCfg = Release|Any CPU
		{77BB8400-0BBF-4768-A482-5893501DE418}.Release|Any CPU.Build.0 = Release|Any CPU
		{77BB8400-0BBF-4768-A482-5893501DE418}.Release|Any CPU.Deploy.0 = Release|Any CPU
		{77BB8400-0BBF-4768-A482-5893501DE418}.Release|ARM.ActiveCfg = Release|Any CPU
		{77BB8400-0BBF-4768-A482-5893501DE418}.Release|ARM.Build.0 = Release|Any CPU
		{77BB8400-0BBF-4768-A482-5893501DE418}.Release|ARM.Deploy.0 = Release|Any CPU
		{77BB8400-0BBF-4768-A482-5893501DE418}.Release|iPhone.ActiveCfg = Release|Any CPU
		{77BB8400-0BBF-4768-A482-5893501DE418}.Release|iPhone.Build.0 = Release|Any CPU
		{77BB8400-0BBF-4768-A482-5893501DE418}.Release|iPhone.Deploy.0 = Release|Any CPU
		{77BB8400-0BBF-4768-A482-5893501DE418}.Release|iPhoneSimulator.ActiveCfg = Release|Any CPU
		{77BB8400-0BBF-4768-A482-5893501DE418}.Release|iPhoneSimulator.Build.0 = Release|Any CPU
		{77BB8400-0BBF-4768-A482-5893501DE418}.Release|iPhoneSimulator.Deploy.0 = Release|Any CPU
		{77BB8400-0BBF-4768-A482-5893501DE418}.Release|x64.ActiveCfg = Release|Any CPU
		{77BB8400-0BBF-4768-A482-5893501DE418}.Release|x64.Build.0 = Release|Any CPU
		{77BB8400-0BBF-4768-A482-5893501DE418}.Release|x64.Deploy.0 = Release|Any CPU
		{77BB8400-0BBF-4768-A482-5893501DE418}.Release|x86.ActiveCfg = Release|Any CPU
		{77BB8400-0BBF-4768-A482-5893501DE418}.Release|x86.Build.0 = Release|Any CPU
		{77BB8400-0BBF-4768-A482-5893501DE418}.Release|x86.Deploy.0 = Release|Any CPU
		{9CA76C63-E2CD-426B-8BF5-8C7DF57C67F6}.Debug|Any CPU.ActiveCfg = Debug|iPhone
		{9CA76C63-E2CD-426B-8BF5-8C7DF57C67F6}.Debug|Any CPU.Build.0 = Debug|iPhone
		{9CA76C63-E2CD-426B-8BF5-8C7DF57C67F6}.Debug|Any CPU.Deploy.0 = Debug|iPhone
		{9CA76C63-E2CD-426B-8BF5-8C7DF57C67F6}.Debug|ARM.ActiveCfg = Debug|iPhone
		{9CA76C63-E2CD-426B-8BF5-8C7DF57C67F6}.Debug|ARM.Build.0 = Debug|iPhone
		{9CA76C63-E2CD-426B-8BF5-8C7DF57C67F6}.Debug|ARM.Deploy.0 = Debug|iPhone
		{9CA76C63-E2CD-426B-8BF5-8C7DF57C67F6}.Debug|iPhone.ActiveCfg = Debug|iPhone
		{9CA76C63-E2CD-426B-8BF5-8C7DF57C67F6}.Debug|iPhone.Build.0 = Debug|iPhone
		{9CA76C63-E2CD-426B-8BF5-8C7DF57C67F6}.Debug|iPhone.Deploy.0 = Debug|iPhone
		{9CA76C63-E2CD-426B-8BF5-8C7DF57C67F6}.Debug|iPhoneSimulator.ActiveCfg = Debug|iPhoneSimulator
		{9CA76C63-E2CD-426B-8BF5-8C7DF57C67F6}.Debug|iPhoneSimulator.Build.0 = Debug|iPhoneSimulator
		{9CA76C63-E2CD-426B-8BF5-8C7DF57C67F6}.Debug|iPhoneSimulator.Deploy.0 = Debug|iPhoneSimulator
		{9CA76C63-E2CD-426B-8BF5-8C7DF57C67F6}.Debug|x64.ActiveCfg = Debug|iPhone
		{9CA76C63-E2CD-426B-8BF5-8C7DF57C67F6}.Debug|x64.Build.0 = Debug|iPhone
		{9CA76C63-E2CD-426B-8BF5-8C7DF57C67F6}.Debug|x64.Deploy.0 = Debug|iPhone
		{9CA76C63-E2CD-426B-8BF5-8C7DF57C67F6}.Debug|x86.ActiveCfg = Debug|iPhone
		{9CA76C63-E2CD-426B-8BF5-8C7DF57C67F6}.Debug|x86.Build.0 = Debug|iPhone
		{9CA76C63-E2CD-426B-8BF5-8C7DF57C67F6}.Debug|x86.Deploy.0 = Debug|iPhone
		{9CA76C63-E2CD-426B-8BF5-8C7DF57C67F6}.Release|Any CPU.ActiveCfg = Release|iPhone
		{9CA76C63-E2CD-426B-8BF5-8C7DF57C67F6}.Release|Any CPU.Build.0 = Release|iPhone
		{9CA76C63-E2CD-426B-8BF5-8C7DF57C67F6}.Release|Any CPU.Deploy.0 = Release|iPhone
		{9CA76C63-E2CD-426B-8BF5-8C7DF57C67F6}.Release|ARM.ActiveCfg = Release|iPhone
		{9CA76C63-E2CD-426B-8BF5-8C7DF57C67F6}.Release|ARM.Build.0 = Release|iPhone
		{9CA76C63-E2CD-426B-8BF5-8C7DF57C67F6}.Release|ARM.Deploy.0 = Release|iPhone
		{9CA76C63-E2CD-426B-8BF5-8C7DF57C67F6}.Release|iPhone.ActiveCfg = Release|iPhone
		{9CA76C63-E2CD-426B-8BF5-8C7DF57C67F6}.Release|iPhone.Build.0 = Release|iPhone
		{9CA76C63-E2CD-426B-8BF5-8C7DF57C67F6}.Release|iPhone.Deploy.0 = Release|iPhone
		{9CA76C63-E2CD-426B-8BF5-8C7DF57C67F6}.Release|iPhoneSimulator.ActiveCfg = Release|iPhoneSimulator
		{9CA76C63-E2CD-426B-8BF5-8C7DF57C67F6}.Release|iPhoneSimulator.Build.0 = Release|iPhoneSimulator
		{9CA76C63-E2CD-426B-8BF5-8C7DF57C67F6}.Release|iPhoneSimulator.Deploy.0 = Release|iPhoneSimulator
		{9CA76C63-E2CD-426B-8BF5-8C7DF57C67F6}.Release|x64.ActiveCfg = Release|iPhone
		{9CA76C63-E2CD-426B-8BF5-8C7DF57C67F6}.Release|x64.Build.0 = Release|iPhone
		{9CA76C63-E2CD-426B-8BF5-8C7DF57C67F6}.Release|x64.Deploy.0 = Release|iPhone
		{9CA76C63-E2CD-426B-8BF5-8C7DF57C67F6}.Release|x86.ActiveCfg = Release|iPhone
		{9CA76C63-E2CD-426B-8BF5-8C7DF57C67F6}.Release|x86.Build.0 = Release|iPhone
		{9CA76C63-E2CD-426B-8BF5-8C7DF57C67F6}.Release|x86.Deploy.0 = Release|iPhone
		{B4358D1E-993C-48F4-92D5-6F89CE08C777}.Debug|Any CPU.ActiveCfg = Debug|Any CPU
		{B4358D1E-993C-48F4-92D5-6F89CE08C777}.Debug|Any CPU.Build.0 = Debug|Any CPU
		{B4358D1E-993C-48F4-92D5-6F89CE08C777}.Debug|Any CPU.Deploy.0 = Debug|Any CPU
		{B4358D1E-993C-48F4-92D5-6F89CE08C777}.Debug|ARM.ActiveCfg = Debug|Any CPU
		{B4358D1E-993C-48F4-92D5-6F89CE08C777}.Debug|ARM.Build.0 = Debug|Any CPU
		{B4358D1E-993C-48F4-92D5-6F89CE08C777}.Debug|ARM.Deploy.0 = Debug|Any CPU
		{B4358D1E-993C-48F4-92D5-6F89CE08C777}.Debug|iPhone.ActiveCfg = Debug|Any CPU
		{B4358D1E-993C-48F4-92D5-6F89CE08C777}.Debug|iPhone.Build.0 = Debug|Any CPU
		{B4358D1E-993C-48F4-92D5-6F89CE08C777}.Debug|iPhone.Deploy.0 = Debug|Any CPU
		{B4358D1E-993C-48F4-92D5-6F89CE08C777}.Debug|iPhoneSimulator.ActiveCfg = Debug|Any CPU
		{B4358D1E-993C-48F4-92D5-6F89CE08C777}.Debug|iPhoneSimulator.Build.0 = Debug|Any CPU
		{B4358D1E-993C-48F4-92D5-6F89CE08C777}.Debug|iPhoneSimulator.Deploy.0 = Debug|Any CPU
		{B4358D1E-993C-48F4-92D5-6F89CE08C777}.Debug|x64.ActiveCfg = Debug|Any CPU
		{B4358D1E-993C-48F4-92D5-6F89CE08C777}.Debug|x64.Build.0 = Debug|Any CPU
		{B4358D1E-993C-48F4-92D5-6F89CE08C777}.Debug|x64.Deploy.0 = Debug|Any CPU
		{B4358D1E-993C-48F4-92D5-6F89CE08C777}.Debug|x86.ActiveCfg = Debug|Any CPU
		{B4358D1E-993C-48F4-92D5-6F89CE08C777}.Debug|x86.Build.0 = Debug|Any CPU
		{B4358D1E-993C-48F4-92D5-6F89CE08C777}.Debug|x86.Deploy.0 = Debug|Any CPU
		{B4358D1E-993C-48F4-92D5-6F89CE08C777}.Release|Any CPU.ActiveCfg = Release|Any CPU
		{B4358D1E-993C-48F4-92D5-6F89CE08C777}.Release|Any CPU.Build.0 = Release|Any CPU
		{B4358D1E-993C-48F4-92D5-6F89CE08C777}.Release|Any CPU.Deploy.0 = Release|Any CPU
		{B4358D1E-993C-48F4-92D5-6F89CE08C777}.Release|ARM.ActiveCfg = Release|Any CPU
		{B4358D1E-993C-48F4-92D5-6F89CE08C777}.Release|ARM.Build.0 = Release|Any CPU
		{B4358D1E-993C-48F4-92D5-6F89CE08C777}.Release|ARM.Deploy.0 = Release|Any CPU
		{B4358D1E-993C-48F4-92D5-6F89CE08C777}.Release|iPhone.ActiveCfg = Release|Any CPU
		{B4358D1E-993C-48F4-92D5-6F89CE08C777}.Release|iPhone.Build.0 = Release|Any CPU
		{B4358D1E-993C-48F4-92D5-6F89CE08C777}.Release|iPhone.Deploy.0 = Release|Any CPU
		{B4358D1E-993C-48F4-92D5-6F89CE08C777}.Release|iPhoneSimulator.ActiveCfg = Release|Any CPU
		{B4358D1E-993C-48F4-92D5-6F89CE08C777}.Release|iPhoneSimulator.Build.0 = Release|Any CPU
		{B4358D1E-993C-48F4-92D5-6F89CE08C777}.Release|iPhoneSimulator.Deploy.0 = Release|Any CPU
		{B4358D1E-993C-48F4-92D5-6F89CE08C777}.Release|x64.ActiveCfg = Release|Any CPU
		{B4358D1E-993C-48F4-92D5-6F89CE08C777}.Release|x64.Build.0 = Release|Any CPU
		{B4358D1E-993C-48F4-92D5-6F89CE08C777}.Release|x64.Deploy.0 = Release|Any CPU
		{B4358D1E-993C-48F4-92D5-6F89CE08C777}.Release|x86.ActiveCfg = Release|Any CPU
		{B4358D1E-993C-48F4-92D5-6F89CE08C777}.Release|x86.Build.0 = Release|Any CPU
		{B4358D1E-993C-48F4-92D5-6F89CE08C777}.Release|x86.Deploy.0 = Release|Any CPU
	EndGlobalSection
	GlobalSection(SolutionProperties) = preSolution
		HideSolutionNode = FALSE
	EndGlobalSection
	GlobalSection(ExtensibilityGlobals) = postSolution
		SolutionGuid = {8C49FCC3-237E-4DA1-BA49-4E270FE8EB64}
	EndGlobalSection
EndGlobal
